// !$*UTF8*$!
{
	archiveVersion = 1;
	classes = {
	};
	objectVersion = 46;
	objects = {

/* Begin PBXBuildFile section */
		0F0E09091E7BDFA4005B85FB /* waitingScene.swift in Sources */ = {isa = PBXBuildFile; fileRef = 0F0E09081E7BDFA4005B85FB /* waitingScene.swift */; };
		0F0E094D1E7BE5FA005B85FB /* net.swift in Sources */ = {isa = PBXBuildFile; fileRef = 0F0E094C1E7BE5FA005B85FB /* net.swift */; };
		0F41641E1F207F38004F9F03 /* AVFoundation.framework in Frameworks */ = {isa = PBXBuildFile; fileRef = 0F41641D1F207F38004F9F03 /* AVFoundation.framework */; };
		0F51A0831E7151A900A2ACE6 /* LaunchScene.swift in Sources */ = {isa = PBXBuildFile; fileRef = 0F51A0821E7151A900A2ACE6 /* LaunchScene.swift */; };
		0F5E748A1E6D688F003557A5 /* Cards.swift in Sources */ = {isa = PBXBuildFile; fileRef = 0F5E74891E6D688F003557A5 /* Cards.swift */; };
		0F62A30D1F232B4100D01EB9 /* （バハ登場）.mp3 in Resources */ = {isa = PBXBuildFile; fileRef = 0F62A3081F232B4100D01EB9 /* （バハ登場）.mp3 */; };
		0F62A30E1F232B4100D01EB9 /* 我こそ唯一にして無二たる神なり.mp3 in Resources */ = {isa = PBXBuildFile; fileRef = 0F62A3091F232B4100D01EB9 /* 我こそ唯一にして無二たる神なり.mp3 */; };
		0F62A30F1F232B4100D01EB9 /* 新たなる世界を求めて.mp3 in Resources */ = {isa = PBXBuildFile; fileRef = 0F62A30A1F232B4100D01EB9 /* 新たなる世界を求めて.mp3 */; };
		0F62A3101F232B4100D01EB9 /* 絶望よ、来たれ.mp3 in Resources */ = {isa = PBXBuildFile; fileRef = 0F62A30B1F232B4100D01EB9 /* 絶望よ、来たれ.mp3 */; };
		0F62A3111F232B4100D01EB9 /* 不思議な世界、素敵な世界！.mp3 in Resources */ = {isa = PBXBuildFile; fileRef = 0F62A30C1F232B4100D01EB9 /* 不思議な世界、素敵な世界！.mp3 */; };
		0F71DCD21F2086D00032FB30 /* カード音.mp3 in Resources */ = {isa = PBXBuildFile; fileRef = 0F71DCD11F2086D00032FB30 /* カード音.mp3 */; };
		0F71DCD41F20BB790032FB30 /* カード召喚音.mp3 in Resources */ = {isa = PBXBuildFile; fileRef = 0F71DCD31F20BB790032FB30 /* カード召喚音.mp3 */; };
		0F869AB31EF55EA20039832A /* preparingScene.swift in Sources */ = {isa = PBXBuildFile; fileRef = 0F869AB21EF55EA20039832A /* preparingScene.swift */; };
		0F869AB51EF55EC40039832A /* loadingScene.swift in Sources */ = {isa = PBXBuildFile; fileRef = 0F869AB41EF55EC40039832A /* loadingScene.swift */; };
		0F9EE1B61E66544000A78B59 /* AppDelegate.swift in Sources */ = {isa = PBXBuildFile; fileRef = 0F9EE1B51E66544000A78B59 /* AppDelegate.swift */; };
		0F9EE1BC1E66544000A78B59 /* GameScene.swift in Sources */ = {isa = PBXBuildFile; fileRef = 0F9EE1BB1E66544000A78B59 /* GameScene.swift */; };
		0F9EE1BE1E66544000A78B59 /* GameViewController.swift in Sources */ = {isa = PBXBuildFile; fileRef = 0F9EE1BD1E66544000A78B59 /* GameViewController.swift */; };
		0F9EE1C11E66544000A78B59 /* Main.storyboard in Resources */ = {isa = PBXBuildFile; fileRef = 0F9EE1BF1E66544000A78B59 /* Main.storyboard */; };
		0F9EE1C31E66544000A78B59 /* Assets.xcassets in Resources */ = {isa = PBXBuildFile; fileRef = 0F9EE1C21E66544000A78B59 /* Assets.xcassets */; };
		0F9EE1C61E66544000A78B59 /* LaunchScreen.storyboard in Resources */ = {isa = PBXBuildFile; fileRef = 0F9EE1C41E66544000A78B59 /* LaunchScreen.storyboard */; };
/* End PBXBuildFile section */

/* Begin PBXFileReference section */
		0F0E09081E7BDFA4005B85FB /* waitingScene.swift */ = {isa = PBXFileReference; fileEncoding = 4; lastKnownFileType = sourcecode.swift; path = waitingScene.swift; sourceTree = "<group>"; };
		0F0E094C1E7BE5FA005B85FB /* net.swift */ = {isa = PBXFileReference; fileEncoding = 4; lastKnownFileType = sourcecode.swift; path = net.swift; sourceTree = "<group>"; };
		0F41641D1F207F38004F9F03 /* AVFoundation.framework */ = {isa = PBXFileReference; lastKnownFileType = wrapper.framework; name = AVFoundation.framework; path = System/Library/Frameworks/AVFoundation.framework; sourceTree = SDKROOT; };
		0F51A0821E7151A900A2ACE6 /* LaunchScene.swift */ = {isa = PBXFileReference; fileEncoding = 4; lastKnownFileType = sourcecode.swift; path = LaunchScene.swift; sourceTree = "<group>"; };
		0F5E74891E6D688F003557A5 /* Cards.swift */ = {isa = PBXFileReference; fileEncoding = 4; lastKnownFileType = sourcecode.swift; path = Cards.swift; sourceTree = "<group>"; };
		0F62A3081F232B4100D01EB9 /* （バハ登場）.mp3 */ = {isa = PBXFileReference; lastKnownFileType = audio.mp3; path = "（バハ登場）.mp3"; sourceTree = "<group>"; };
		0F62A3091F232B4100D01EB9 /* 我こそ唯一にして無二たる神なり.mp3 */ = {isa = PBXFileReference; lastKnownFileType = audio.mp3; path = "我こそ唯一にして無二たる神なり.mp3"; sourceTree = "<group>"; };
		0F62A30A1F232B4100D01EB9 /* 新たなる世界を求めて.mp3 */ = {isa = PBXFileReference; lastKnownFileType = audio.mp3; path = "新たなる世界を求めて.mp3"; sourceTree = "<group>"; };
		0F62A30B1F232B4100D01EB9 /* 絶望よ、来たれ.mp3 */ = {isa = PBXFileReference; lastKnownFileType = audio.mp3; path = "絶望よ、来たれ.mp3"; sourceTree = "<group>"; };
		0F62A30C1F232B4100D01EB9 /* 不思議な世界、素敵な世界！.mp3 */ = {isa = PBXFileReference; lastKnownFileType = audio.mp3; path = "不思議な世界、素敵な世界！.mp3"; sourceTree = "<group>"; };
		0F71DCD11F2086D00032FB30 /* カード音.mp3 */ = {isa = PBXFileReference; lastKnownFileType = audio.mp3; path = "カード音.mp3"; sourceTree = "<group>"; };
		0F71DCD31F20BB790032FB30 /* カード召喚音.mp3 */ = {isa = PBXFileReference; lastKnownFileType = audio.mp3; path = "カード召喚音.mp3"; sourceTree = "<group>"; };
		0F869AB21EF55EA20039832A /* preparingScene.swift */ = {isa = PBXFileReference; fileEncoding = 4; lastKnownFileType = sourcecode.swift; path = preparingScene.swift; sourceTree = "<group>"; };
		0F869AB41EF55EC40039832A /* loadingScene.swift */ = {isa = PBXFileReference; fileEncoding = 4; lastKnownFileType = sourcecode.swift; path = loadingScene.swift; sourceTree = "<group>"; };
		0F9EE1B21E66544000A78B59 /* newblackjack.app */ = {isa = PBXFileReference; explicitFileType = wrapper.application; includeInIndex = 0; path = newblackjack.app; sourceTree = BUILT_PRODUCTS_DIR; };
		0F9EE1B51E66544000A78B59 /* AppDelegate.swift */ = {isa = PBXFileReference; lastKnownFileType = sourcecode.swift; path = AppDelegate.swift; sourceTree = "<group>"; };
		0F9EE1BB1E66544000A78B59 /* GameScene.swift */ = {isa = PBXFileReference; lastKnownFileType = sourcecode.swift; path = GameScene.swift; sourceTree = "<group>"; };
		0F9EE1BD1E66544000A78B59 /* GameViewController.swift */ = {isa = PBXFileReference; lastKnownFileType = sourcecode.swift; path = GameViewController.swift; sourceTree = "<group>"; };
		0F9EE1C01E66544000A78B59 /* Base */ = {isa = PBXFileReference; lastKnownFileType = file.storyboard; name = Base; path = Base.lproj/Main.storyboard; sourceTree = "<group>"; };
		0F9EE1C21E66544000A78B59 /* Assets.xcassets */ = {isa = PBXFileReference; lastKnownFileType = folder.assetcatalog; path = Assets.xcassets; sourceTree = "<group>"; };
		0F9EE1C51E66544000A78B59 /* Base */ = {isa = PBXFileReference; lastKnownFileType = file.storyboard; name = Base; path = Base.lproj/LaunchScreen.storyboard; sourceTree = "<group>"; };
		0F9EE1C71E66544000A78B59 /* Info.plist */ = {isa = PBXFileReference; lastKnownFileType = text.plist.xml; path = Info.plist; sourceTree = "<group>"; };
/* End PBXFileReference section */

/* Begin PBXFrameworksBuildPhase section */
		0F9EE1AF1E66544000A78B59 /* Frameworks */ = {
			isa = PBXFrameworksBuildPhase;
			buildActionMask = 2147483647;
			files = (
				0F41641E1F207F38004F9F03 /* AVFoundation.framework in Frameworks */,
			);
			runOnlyForDeploymentPostprocessing = 0;
		};
/* End PBXFrameworksBuildPhase section */

/* Begin PBXGroup section */
		0F41641C1F207F37004F9F03 /* Frameworks */ = {
			isa = PBXGroup;
			children = (
				0F41641D1F207F38004F9F03 /* AVFoundation.framework */,
			);
			name = Frameworks;
			sourceTree = "<group>";
		};
		0F9EE1A91E66544000A78B59 = {
			isa = PBXGroup;
			children = (
				0F9EE1B41E66544000A78B59 /* newblackjack */,
				0F9EE1B31E66544000A78B59 /* Products */,
				0F41641C1F207F37004F9F03 /* Frameworks */,
			);
			sourceTree = "<group>";
		};
		0F9EE1B31E66544000A78B59 /* Products */ = {
			isa = PBXGroup;
			children = (
				0F9EE1B21E66544000A78B59 /* newblackjack.app */,
			);
			name = Products;
			sourceTree = "<group>";
		};
		0F9EE1B41E66544000A78B59 /* newblackjack */ = {
			isa = PBXGroup;
			children = (
				0F9EE1B51E66544000A78B59 /* AppDelegate.swift */,
				0F9EE1BB1E66544000A78B59 /* GameScene.swift */,
				0F51A0821E7151A900A2ACE6 /* LaunchScene.swift */,
				0F0E09081E7BDFA4005B85FB /* waitingScene.swift */,
				0F869AB21EF55EA20039832A /* preparingScene.swift */,
				0F869AB41EF55EC40039832A /* loadingScene.swift */,
				0F5E74891E6D688F003557A5 /* Cards.swift */,
				0F0E094C1E7BE5FA005B85FB /* net.swift */,
				0F9EE1BD1E66544000A78B59 /* GameViewController.swift */,
				0F9EE1BF1E66544000A78B59 /* Main.storyboard */,
				0F9EE1C21E66544000A78B59 /* Assets.xcassets */,
				0F9EE1C41E66544000A78B59 /* LaunchScreen.storyboard */,
				0F9EE1C71E66544000A78B59 /* Info.plist */,
				0F62A3081F232B4100D01EB9 /* （バハ登場）.mp3 */,
				0F62A3091F232B4100D01EB9 /* 我こそ唯一にして無二たる神なり.mp3 */,
				0F62A30A1F232B4100D01EB9 /* 新たなる世界を求めて.mp3 */,
				0F62A30B1F232B4100D01EB9 /* 絶望よ、来たれ.mp3 */,
				0F62A30C1F232B4100D01EB9 /* 不思議な世界、素敵な世界！.mp3 */,
				0F71DCD11F2086D00032FB30 /* カード音.mp3 */,
				0F71DCD31F20BB790032FB30 /* カード召喚音.mp3 */,
			);
			path = newblackjack;
			sourceTree = "<group>";
		};
/* End PBXGroup section */

/* Begin PBXNativeTarget section */
		0F9EE1B11E66544000A78B59 /* newblackjack */ = {
			isa = PBXNativeTarget;
			buildConfigurationList = 0F9EE1CA1E66544000A78B59 /* Build configuration list for PBXNativeTarget "newblackjack" */;
			buildPhases = (
				0F9EE1AE1E66544000A78B59 /* Sources */,
				0F9EE1AF1E66544000A78B59 /* Frameworks */,
				0F9EE1B01E66544000A78B59 /* Resources */,
			);
			buildRules = (
			);
			dependencies = (
			);
			name = newblackjack;
			productName = newblackjack;
			productReference = 0F9EE1B21E66544000A78B59 /* newblackjack.app */;
			productType = "com.apple.product-type.application";
		};
/* End PBXNativeTarget section */

/* Begin PBXProject section */
		0F9EE1AA1E66544000A78B59 /* Project object */ = {
			isa = PBXProject;
			attributes = {
				LastSwiftUpdateCheck = 0820;
				LastUpgradeCheck = 0830;
				ORGANIZATIONNAME = NakaiKohei;
				TargetAttributes = {
					0F9EE1B11E66544000A78B59 = {
						CreatedOnToolsVersion = 8.2.1;
						DevelopmentTeam = UT6PG9K559;
						LastSwiftMigration = 0820;
						ProvisioningStyle = Automatic;
					};
				};
			};
			buildConfigurationList = 0F9EE1AD1E66544000A78B59 /* Build configuration list for PBXProject "newblackjack" */;
			compatibilityVersion = "Xcode 3.2";
			developmentRegion = English;
			hasScannedForEncodings = 0;
			knownRegions = (
				en,
				Base,
			);
			mainGroup = 0F9EE1A91E66544000A78B59;
			productRefGroup = 0F9EE1B31E66544000A78B59 /* Products */;
			projectDirPath = "";
			projectRoot = "";
			targets = (
				0F9EE1B11E66544000A78B59 /* newblackjack */,
			);
		};
/* End PBXProject section */

/* Begin PBXResourcesBuildPhase section */
		0F9EE1B01E66544000A78B59 /* Resources */ = {
			isa = PBXResourcesBuildPhase;
			buildActionMask = 2147483647;
			files = (
				0F62A3111F232B4100D01EB9 /* 不思議な世界、素敵な世界！.mp3 in Resources */,
				0F62A3101F232B4100D01EB9 /* 絶望よ、来たれ.mp3 in Resources */,
				0F62A30D1F232B4100D01EB9 /* （バハ登場）.mp3 in Resources */,
				0F9EE1C11E66544000A78B59 /* Main.storyboard in Resources */,
				0F9EE1C31E66544000A78B59 /* Assets.xcassets in Resources */,
				0F71DCD21F2086D00032FB30 /* カード音.mp3 in Resources */,
				0F9EE1C61E66544000A78B59 /* LaunchScreen.storyboard in Resources */,
				0F62A30F1F232B4100D01EB9 /* 新たなる世界を求めて.mp3 in Resources */,
				0F71DCD41F20BB790032FB30 /* カード召喚音.mp3 in Resources */,
				0F62A30E1F232B4100D01EB9 /* 我こそ唯一にして無二たる神なり.mp3 in Resources */,
			);
			runOnlyForDeploymentPostprocessing = 0;
		};
/* End PBXResourcesBuildPhase section */

/* Begin PBXSourcesBuildPhase section */
		0F9EE1AE1E66544000A78B59 /* Sources */ = {
			isa = PBXSourcesBuildPhase;
			buildActionMask = 2147483647;
			files = (
				0F0E094D1E7BE5FA005B85FB /* net.swift in Sources */,
				0F869AB51EF55EC40039832A /* loadingScene.swift in Sources */,
				0F9EE1BC1E66544000A78B59 /* GameScene.swift in Sources */,
				0F9EE1BE1E66544000A78B59 /* GameViewController.swift in Sources */,
				0F5E748A1E6D688F003557A5 /* Cards.swift in Sources */,
				0F9EE1B61E66544000A78B59 /* AppDelegate.swift in Sources */,
				0F869AB31EF55EA20039832A /* preparingScene.swift in Sources */,
				0F51A0831E7151A900A2ACE6 /* LaunchScene.swift in Sources */,
				0F0E09091E7BDFA4005B85FB /* waitingScene.swift in Sources */,
			);
			runOnlyForDeploymentPostprocessing = 0;
		};
/* End PBXSourcesBuildPhase section */

/* Begin PBXVariantGroup section */
		0F9EE1BF1E66544000A78B59 /* Main.storyboard */ = {
			isa = PBXVariantGroup;
			children = (
				0F9EE1C01E66544000A78B59 /* Base */,
			);
			name = Main.storyboard;
			sourceTree = "<group>";
		};
		0F9EE1C41E66544000A78B59 /* LaunchScreen.storyboard */ = {
			isa = PBXVariantGroup;
			children = (
				0F9EE1C51E66544000A78B59 /* Base */,
			);
			name = LaunchScreen.storyboard;
			sourceTree = "<group>";
		};
/* End PBXVariantGroup section */

/* Begin XCBuildConfiguration section */
		0F9EE1C81E66544000A78B59 /* Debug */ = {
			isa = XCBuildConfiguration;
			buildSettings = {
				ALWAYS_SEARCH_USER_PATHS = NO;
				CLANG_ANALYZER_NONNULL = YES;
				CLANG_CXX_LANGUAGE_STANDARD = "gnu++0x";
				CLANG_CXX_LIBRARY = "libc++";
				CLANG_ENABLE_MODULES = YES;
				CLANG_ENABLE_OBJC_ARC = YES;
				CLANG_WARN_BOOL_CONVERSION = YES;
				CLANG_WARN_CONSTANT_CONVERSION = YES;
				CLANG_WARN_DIRECT_OBJC_ISA_USAGE = YES_ERROR;
				CLANG_WARN_DOCUMENTATION_COMMENTS = YES;
				CLANG_WARN_EMPTY_BODY = YES;
				CLANG_WARN_ENUM_CONVERSION = YES;
				CLANG_WARN_INFINITE_RECURSION = YES;
				CLANG_WARN_INT_CONVERSION = YES;
				CLANG_WARN_OBJC_ROOT_CLASS = YES_ERROR;
				CLANG_WARN_SUSPICIOUS_MOVE = YES;
				CLANG_WARN_UNREACHABLE_CODE = YES;
				CLANG_WARN__DUPLICATE_METHOD_MATCH = YES;
				"CODE_SIGN_IDENTITY[sdk=iphoneos*]" = "iPhone Developer";
				COPY_PHASE_STRIP = NO;
				DEBUG_INFORMATION_FORMAT = dwarf;
				ENABLE_STRICT_OBJC_MSGSEND = YES;
				ENABLE_TESTABILITY = YES;
				GCC_C_LANGUAGE_STANDARD = gnu99;
				GCC_DYNAMIC_NO_PIC = NO;
				GCC_NO_COMMON_BLOCKS = YES;
				GCC_OPTIMIZATION_LEVEL = 0;
				GCC_PREPROCESSOR_DEFINITIONS = (
					"DEBUG=1",
					"$(inherited)",
				);
				GCC_WARN_64_TO_32_BIT_CONVERSION = YES;
				GCC_WARN_ABOUT_RETURN_TYPE = YES_ERROR;
				GCC_WARN_UNDECLARED_SELECTOR = YES;
				GCC_WARN_UNINITIALIZED_AUTOS = YES_AGGRESSIVE;
				GCC_WARN_UNUSED_FUNCTION = YES;
				GCC_WARN_UNUSED_VARIABLE = YES;
				IPHONEOS_DEPLOYMENT_TARGET = 10.2;
				MTL_ENABLE_DEBUG_INFO = YES;
				ONLY_ACTIVE_ARCH = YES;
				SDKROOT = iphoneos;
				SWIFT_ACTIVE_COMPILATION_CONDITIONS = DEBUG;
				SWIFT_OPTIMIZATION_LEVEL = "-Onone";
				TARGETED_DEVICE_FAMILY = "1,2";
			};
			name = Debug;
		};
		0F9EE1C91E66544000A78B59 /* Release */ = {
			isa = XCBuildConfiguration;
			buildSettings = {
				ALWAYS_SEARCH_USER_PATHS = NO;
				CLANG_ANALYZER_NONNULL = YES;
				CLANG_CXX_LANGUAGE_STANDARD = "gnu++0x";
				CLANG_CXX_LIBRARY = "libc++";
				CLANG_ENABLE_MODULES = YES;
				CLANG_ENABLE_OBJC_ARC = YES;
				CLANG_WARN_BOOL_CONVERSION = YES;
				CLANG_WARN_CONSTANT_CONVERSION = YES;
				CLANG_WARN_DIRECT_OBJC_ISA_USAGE = YES_ERROR;
				CLANG_WARN_DOCUMENTATION_COMMENTS = YES;
				CLANG_WARN_EMPTY_BODY = YES;
				CLANG_WARN_ENUM_CONVERSION = YES;
				CLANG_WARN_INFINITE_RECURSION = YES;
				CLANG_WARN_INT_CONVERSION = YES;
				CLANG_WARN_OBJC_ROOT_CLASS = YES_ERROR;
				CLANG_WARN_SUSPICIOUS_MOVE = YES;
				CLANG_WARN_UNREACHABLE_CODE = YES;
				CLANG_WARN__DUPLICATE_METHOD_MATCH = YES;
				"CODE_SIGN_IDENTITY[sdk=iphoneos*]" = "iPhone Developer";
				COPY_PHASE_STRIP = NO;
				DEBUG_INFORMATION_FORMAT = "dwarf-with-dsym";
				ENABLE_NS_ASSERTIONS = NO;
				ENABLE_STRICT_OBJC_MSGSEND = YES;
				GCC_C_LANGUAGE_STANDARD = gnu99;
				GCC_NO_COMMON_BLOCKS = YES;
				GCC_WARN_64_TO_32_BIT_CONVERSION = YES;
				GCC_WARN_ABOUT_RETURN_TYPE = YES_ERROR;
				GCC_WARN_UNDECLARED_SELECTOR = YES;
				GCC_WARN_UNINITIALIZED_AUTOS = YES_AGGRESSIVE;
				GCC_WARN_UNUSED_FUNCTION = YES;
				GCC_WARN_UNUSED_VARIABLE = YES;
				IPHONEOS_DEPLOYMENT_TARGET = 10.2;
				MTL_ENABLE_DEBUG_INFO = NO;
				SDKROOT = iphoneos;
				SWIFT_OPTIMIZATION_LEVEL = "-Owholemodule";
				TARGETED_DEVICE_FAMILY = "1,2";
				VALIDATE_PRODUCT = YES;
			};
			name = Release;
		};
		0F9EE1CB1E66544000A78B59 /* Debug */ = {
			isa = XCBuildConfiguration;
			buildSettings = {
				ASSETCATALOG_COMPILER_APPICON_NAME = AppIcon;
				CODE_SIGN_IDENTITY = "iPhone Distribution";
				"CODE_SIGN_IDENTITY[sdk=iphoneos*]" = "iPhone Developer";
				DEVELOPMENT_TEAM = UT6PG9K559;
				GCC_OPTIMIZATION_LEVEL = 0;
				INFOPLIST_FILE = newblackjack/Info.plist;
				IPHONEOS_DEPLOYMENT_TARGET = 10.3;
				LD_RUNPATH_SEARCH_PATHS = "$(inherited) @executable_path/Frameworks";
				PRODUCT_BUNDLE_IDENTIFIER = com.nakai.newblackjack;
				PRODUCT_NAME = "$(TARGET_NAME)";
				PROVISIONING_PROFILE = "";
				PROVISIONING_PROFILE_SPECIFIER = "";
				SWIFT_OPTIMIZATION_LEVEL = "-Onone";
				SWIFT_VERSION = 3.0;
				TARGETED_DEVICE_FAMILY = "1,2";
			};
			name = Debug;
		};
		0F9EE1CC1E66544000A78B59 /* Release */ = {
			isa = XCBuildConfiguration;
			buildSettings = {
				ASSETCATALOG_COMPILER_APPICON_NAME = AppIcon;
				CODE_SIGN_IDENTITY = "iPhone Distribution";
				"CODE_SIGN_IDENTITY[sdk=iphoneos*]" = "iPhone Developer";
				DEVELOPMENT_TEAM = UT6PG9K559;
				GCC_OPTIMIZATION_LEVEL = 0;
				INFOPLIST_FILE = newblackjack/Info.plist;
				IPHONEOS_DEPLOYMENT_TARGET = 10.3;
				LD_RUNPATH_SEARCH_PATHS = "$(inherited) @executable_path/Frameworks";
				PRODUCT_BUNDLE_IDENTIFIER = com.nakai.newblackjack;
				PRODUCT_NAME = "$(TARGET_NAME)";
				PROVISIONING_PROFILE = "";
				PROVISIONING_PROFILE_SPECIFIER = "";
				SWIFT_OPTIMIZATION_LEVEL = "-Owholemodule";
				SWIFT_VERSION = 3.0;
				TARGETED_DEVICE_FAMILY = "1,2";
			};
			name = Release;
		};
/* End XCBuildConfiguration section */

/* Begin XCConfigurationList section */
		0F9EE1AD1E66544000A78B59 /* Build configuration list for PBXProject "newblackjack" */ = {
			isa = XCConfigurationList;
			buildConfigurations = (
				0F9EE1C81E66544000A78B59 /* Debug */,
				0F9EE1C91E66544000A78B59 /* Release */,
			);
			defaultConfigurationIsVisible = 0;
			defaultConfigurationName = Release;
		};
		0F9EE1CA1E66544000A78B59 /* Build configuration list for PBXNativeTarget "newblackjack" */ = {
			isa = XCConfigurationList;
			buildConfigurations = (
				0F9EE1CB1E66544000A78B59 /* Debug */,
				0F9EE1CC1E66544000A78B59 /* Release */,
			);
			defaultConfigurationIsVisible = 0;
			defaultConfigurationName = Release;
		};
/* End XCConfigurationList section */
	};
	rootObject = 0F9EE1AA1E66544000A78B59 /* Project object */;
}
